
Microsoft Visual Studio Solution File, Format Version 12.00
# Visual Studio Version 17
VisualStudioVersion = 17.11.35303.130
MinimumVisualStudioVersion = 10.0.40219.1
Project("{FAE04EC0-301F-11D3-BF4B-00C04F79EFBC}") = "EShopservice", "EShopservice\EShopservice.csproj", "{ED945E1E-7D82-431B-BA85-428BD860D080}"
EndProject
Global
	GlobalSection(SolutionConfigurationPlatforms) = preSolution
		Debug|Any CPU = Debug|Any CPU
		Release|Any CPU = Release|Any CPU
	EndGlobalSection
	GlobalSection(ProjectConfigurationPlatforms) = postSolution
		{ED945E1E-7D82-431B-BA85-428BD860D080}.Debug|Any CPU.ActiveCfg = Debug|Any CPU
		{ED945E1E-7D82-431B-BA85-428BD860D080}.Debug|Any CPU.Build.0 = Debug|Any CPU
		{ED945E1E-7D82-431B-BA85-428BD860D080}.Release|Any CPU.ActiveCfg = Release|Any CPU
		{ED945E1E-7D82-431B-BA85-428BD860D080}.Release|Any CPU.Build.0 = Release|Any CPU
	EndGlobalSection
	GlobalSection(SolutionProperties) = preSolution
		HideSolutionNode = FALSE
	EndGlobalSection
	GlobalSection(ExtensibilityGlobals) = postSolution
		SolutionGuid = {BE2B7233-D06B-4044-960F-3AE2975E5230}
	EndGlobalSection
EndGlobal
