
Microsoft Visual Studio Solution File, Format Version 12.00
# Visual Studio Version 17
VisualStudioVersion = 17.11.35303.130
MinimumVisualStudioVersion = 10.0.40219.1
Project("{FAE04EC0-301F-11D3-BF4B-00C04F79EFBC}") = "EShopservice", "EShopservice\EShopservice.csproj", "{ED945E1E-7D82-431B-BA85-428BD860D080}"
EndProject
Project("{FAE04EC0-301F-11D3-BF4B-00C04F79EFBC}") = "EShop.Application", "EShop.Application\EShop.Application.csproj", "{53CAE32D-05CA-436B-BD6A-90ED77B9BFE7}"
EndProject
Project("{FAE04EC0-301F-11D3-BF4B-00C04F79EFBC}") = "EShop.Application.Tests", "EShop.Application.Tests\EShop.Application.Tests.csproj", "{CA9D6CAC-5442-47F7-90B4-07DB1016A8DE}"
EndProject
Project("{2150E333-8FDC-42A3-9474-1A3956D46DE8}") = "Tests", "Tests", "{02EA681E-C7D8-13C7-8484-4AC65E1B71E8}"
EndProject
Project("{FAE04EC0-301F-11D3-BF4B-00C04F79EFBC}") = "EShop.Domain", "EShop.Domain\EShop.Domain.csproj", "{0BB3AD25-099E-4033-9A90-39AB7E98BBC7}"
EndProject
Project("{FAE04EC0-301F-11D3-BF4B-00C04F79EFBC}") = "EShop.Domain.Tests", "EShop.Domain.Tests\EShop.Domain.Tests.csproj", "{E735E8DE-A6F2-47E7-9170-FE315DE6A872}"
EndProject
Global
	GlobalSection(SolutionConfigurationPlatforms) = preSolution
		Debug|Any CPU = Debug|Any CPU
		Release|Any CPU = Release|Any CPU
	EndGlobalSection
	GlobalSection(ProjectConfigurationPlatforms) = postSolution
		{ED945E1E-7D82-431B-BA85-428BD860D080}.Debug|Any CPU.ActiveCfg = Debug|Any CPU
		{ED945E1E-7D82-431B-BA85-428BD860D080}.Debug|Any CPU.Build.0 = Debug|Any CPU
		{ED945E1E-7D82-431B-BA85-428BD860D080}.Release|Any CPU.ActiveCfg = Release|Any CPU
		{ED945E1E-7D82-431B-BA85-428BD860D080}.Release|Any CPU.Build.0 = Release|Any CPU
		{53CAE32D-05CA-436B-BD6A-90ED77B9BFE7}.Debug|Any CPU.ActiveCfg = Debug|Any CPU
		{53CAE32D-05CA-436B-BD6A-90ED77B9BFE7}.Debug|Any CPU.Build.0 = Debug|Any CPU
		{53CAE32D-05CA-436B-BD6A-90ED77B9BFE7}.Release|Any CPU.ActiveCfg = Release|Any CPU
		{53CAE32D-05CA-436B-BD6A-90ED77B9BFE7}.Release|Any CPU.Build.0 = Release|Any CPU
		{CA9D6CAC-5442-47F7-90B4-07DB1016A8DE}.Debug|Any CPU.ActiveCfg = Debug|Any CPU
		{CA9D6CAC-5442-47F7-90B4-07DB1016A8DE}.Debug|Any CPU.Build.0 = Debug|Any CPU
		{CA9D6CAC-5442-47F7-90B4-07DB1016A8DE}.Release|Any CPU.ActiveCfg = Release|Any CPU
		{CA9D6CAC-5442-47F7-90B4-07DB1016A8DE}.Release|Any CPU.Build.0 = Release|Any CPU
		{0BB3AD25-099E-4033-9A90-39AB7E98BBC7}.Debug|Any CPU.ActiveCfg = Debug|Any CPU
		{0BB3AD25-099E-4033-9A90-39AB7E98BBC7}.Debug|Any CPU.Build.0 = Debug|Any CPU
		{0BB3AD25-099E-4033-9A90-39AB7E98BBC7}.Release|Any CPU.ActiveCfg = Release|Any CPU
		{0BB3AD25-099E-4033-9A90-39AB7E98BBC7}.Release|Any CPU.Build.0 = Release|Any CPU
		{E735E8DE-A6F2-47E7-9170-FE315DE6A872}.Debug|Any CPU.ActiveCfg = Debug|Any CPU
		{E735E8DE-A6F2-47E7-9170-FE315DE6A872}.Debug|Any CPU.Build.0 = Debug|Any CPU
		{E735E8DE-A6F2-47E7-9170-FE315DE6A872}.Release|Any CPU.ActiveCfg = Release|Any CPU
		{E735E8DE-A6F2-47E7-9170-FE315DE6A872}.Release|Any CPU.Build.0 = Release|Any CPU
	EndGlobalSection
	GlobalSection(SolutionProperties) = preSolution
		HideSolutionNode = FALSE
	EndGlobalSection
	GlobalSection(NestedProjects) = preSolution
		{CA9D6CAC-5442-47F7-90B4-07DB1016A8DE} = {02EA681E-C7D8-13C7-8484-4AC65E1B71E8}
		{E735E8DE-A6F2-47E7-9170-FE315DE6A872} = {02EA681E-C7D8-13C7-8484-4AC65E1B71E8}
	EndGlobalSection
	GlobalSection(ExtensibilityGlobals) = postSolution
		SolutionGuid = {BE2B7233-D06B-4044-960F-3AE2975E5230}
	EndGlobalSection
EndGlobal
